// !$*UTF8*$!
{
	archiveVersion = 1;
	classes = {
	};
	objectVersion = 48;
	objects = {

/* Begin PBXBuildFile section */
		D46444C41F853765009ABC3D /* AppDelegate.swift in Sources */ = {isa = PBXBuildFile; fileRef = D46444C31F853765009ABC3D /* AppDelegate.swift */; };
		D46444C91F853765009ABC3D /* Main.storyboard in Resources */ = {isa = PBXBuildFile; fileRef = D46444C71F853765009ABC3D /* Main.storyboard */; };
		D46444CC1F853765009ABC3D /* Collector.xcdatamodeld in Sources */ = {isa = PBXBuildFile; fileRef = D46444CA1F853765009ABC3D /* Collector.xcdatamodeld */; };
		D46444CE1F853765009ABC3D /* Assets.xcassets in Resources */ = {isa = PBXBuildFile; fileRef = D46444CD1F853765009ABC3D /* Assets.xcassets */; };
		D46444D11F853765009ABC3D /* LaunchScreen.storyboard in Resources */ = {isa = PBXBuildFile; fileRef = D46444CF1F853765009ABC3D /* LaunchScreen.storyboard */; };
		D46444DC1F853765009ABC3D /* CollectorTests.swift in Sources */ = {isa = PBXBuildFile; fileRef = D46444DB1F853765009ABC3D /* CollectorTests.swift */; };
		D46444E71F853765009ABC3D /* CollectorUITests.swift in Sources */ = {isa = PBXBuildFile; fileRef = D46444E61F853765009ABC3D /* CollectorUITests.swift */; };
/* End PBXBuildFile section */

/* Begin PBXContainerItemProxy section */
		D46444D81F853765009ABC3D /* PBXContainerItemProxy */ = {
			isa = PBXContainerItemProxy;
			containerPortal = D46444B81F853765009ABC3D /* Project object */;
			proxyType = 1;
			remoteGlobalIDString = D46444BF1F853765009ABC3D;
			remoteInfo = Collector;
		};
		D46444E31F853765009ABC3D /* PBXContainerItemProxy */ = {
			isa = PBXContainerItemProxy;
			containerPortal = D46444B81F853765009ABC3D /* Project object */;
			proxyType = 1;
			remoteGlobalIDString = D46444BF1F853765009ABC3D;
			remoteInfo = Collector;
		};
/* End PBXContainerItemProxy section */

/* Begin PBXFileReference section */
		D46444C01F853765009ABC3D /* Collector.app */ = {isa = PBXFileReference; explicitFileType = wrapper.application; includeInIndex = 0; path = Collector.app; sourceTree = BUILT_PRODUCTS_DIR; };
		D46444C31F853765009ABC3D /* AppDelegate.swift */ = {isa = PBXFileReference; lastKnownFileType = sourcecode.swift; path = AppDelegate.swift; sourceTree = "<group>"; };
		D46444C81F853765009ABC3D /* Base */ = {isa = PBXFileReference; lastKnownFileType = file.storyboard; name = Base; path = Base.lproj/Main.storyboard; sourceTree = "<group>"; };
		D46444CB1F853765009ABC3D /* Collector.xcdatamodel */ = {isa = PBXFileReference; lastKnownFileType = wrapper.xcdatamodel; path = Collector.xcdatamodel; sourceTree = "<group>"; };
		D46444CD1F853765009ABC3D /* Assets.xcassets */ = {isa = PBXFileReference; lastKnownFileType = folder.assetcatalog; path = Assets.xcassets; sourceTree = "<group>"; };
		D46444D01F853765009ABC3D /* Base */ = {isa = PBXFileReference; lastKnownFileType = file.storyboard; name = Base; path = Base.lproj/LaunchScreen.storyboard; sourceTree = "<group>"; };
		D46444D21F853765009ABC3D /* Info.plist */ = {isa = PBXFileReference; lastKnownFileType = text.plist.xml; path = Info.plist; sourceTree = "<group>"; };
		D46444D71F853765009ABC3D /* CollectorTests.xctest */ = {isa = PBXFileReference; explicitFileType = wrapper.cfbundle; includeInIndex = 0; path = CollectorTests.xctest; sourceTree = BUILT_PRODUCTS_DIR; };
		D46444DB1F853765009ABC3D /* CollectorTests.swift */ = {isa = PBXFileReference; lastKnownFileType = sourcecode.swift; path = CollectorTests.swift; sourceTree = "<group>"; };
		D46444DD1F853765009ABC3D /* Info.plist */ = {isa = PBXFileReference; lastKnownFileType = text.plist.xml; path = Info.plist; sourceTree = "<group>"; };
		D46444E21F853765009ABC3D /* CollectorUITests.xctest */ = {isa = PBXFileReference; explicitFileType = wrapper.cfbundle; includeInIndex = 0; path = CollectorUITests.xctest; sourceTree = BUILT_PRODUCTS_DIR; };
		D46444E61F853765009ABC3D /* CollectorUITests.swift */ = {isa = PBXFileReference; lastKnownFileType = sourcecode.swift; path = CollectorUITests.swift; sourceTree = "<group>"; };
		D46444E81F853765009ABC3D /* Info.plist */ = {isa = PBXFileReference; lastKnownFileType = text.plist.xml; path = Info.plist; sourceTree = "<group>"; };
/* End PBXFileReference section */

/* Begin PBXFrameworksBuildPhase section */
		D46444BD1F853765009ABC3D /* Frameworks */ = {
			isa = PBXFrameworksBuildPhase;
			buildActionMask = 2147483647;
			files = (
			);
			runOnlyForDeploymentPostprocessing = 0;
		};
		D46444D41F853765009ABC3D /* Frameworks */ = {
			isa = PBXFrameworksBuildPhase;
			buildActionMask = 2147483647;
			files = (
			);
			runOnlyForDeploymentPostprocessing = 0;
		};
		D46444DF1F853765009ABC3D /* Frameworks */ = {
			isa = PBXFrameworksBuildPhase;
			buildActionMask = 2147483647;
			files = (
			);
			runOnlyForDeploymentPostprocessing = 0;
		};
/* End PBXFrameworksBuildPhase section */

/* Begin PBXGroup section */
		D46444B71F853765009ABC3D = {
			isa = PBXGroup;
			children = (
				D46444C21F853765009ABC3D /* Collector */,
				D46444DA1F853765009ABC3D /* CollectorTests */,
				D46444E51F853765009ABC3D /* CollectorUITests */,
				D46444C11F853765009ABC3D /* Products */,
			);
			sourceTree = "<group>";
		};
		D46444C11F853765009ABC3D /* Products */ = {
			isa = PBXGroup;
			children = (
				D46444C01F853765009ABC3D /* Collector.app */,
				D46444D71F853765009ABC3D /* CollectorTests.xctest */,
				D46444E21F853765009ABC3D /* CollectorUITests.xctest */,
			);
			name = Products;
			sourceTree = "<group>";
		};
		D46444C21F853765009ABC3D /* Collector */ = {
			isa = PBXGroup;
			children = (
				D46444C31F853765009ABC3D /* AppDelegate.swift */,
				D46444C71F853765009ABC3D /* Main.storyboard */,
				D46444CD1F853765009ABC3D /* Assets.xcassets */,
				D46444CF1F853765009ABC3D /* LaunchScreen.storyboard */,
				D46444D21F853765009ABC3D /* Info.plist */,
				D46444CA1F853765009ABC3D /* Collector.xcdatamodeld */,
			);
			path = Collector;
			sourceTree = "<group>";
		};
		D46444DA1F853765009ABC3D /* CollectorTests */ = {
			isa = PBXGroup;
			children = (
				D46444DB1F853765009ABC3D /* CollectorTests.swift */,
				D46444DD1F853765009ABC3D /* Info.plist */,
			);
			path = CollectorTests;
			sourceTree = "<group>";
		};
		D46444E51F853765009ABC3D /* CollectorUITests */ = {
			isa = PBXGroup;
			children = (
				D46444E61F853765009ABC3D /* CollectorUITests.swift */,
				D46444E81F853765009ABC3D /* Info.plist */,
			);
			path = CollectorUITests;
			sourceTree = "<group>";
		};
/* End PBXGroup section */

/* Begin PBXNativeTarget section */
		D46444BF1F853765009ABC3D /* Collector */ = {
			isa = PBXNativeTarget;
			buildConfigurationList = D46444EB1F853765009ABC3D /* Build configuration list for PBXNativeTarget "Collector" */;
			buildPhases = (
				D46444BC1F853765009ABC3D /* Sources */,
				D46444BD1F853765009ABC3D /* Frameworks */,
				D46444BE1F853765009ABC3D /* Resources */,
			);
			buildRules = (
			);
			dependencies = (
			);
			name = Collector;
			productName = Collector;
			productReference = D46444C01F853765009ABC3D /* Collector.app */;
			productType = "com.apple.product-type.application";
		};
		D46444D61F853765009ABC3D /* CollectorTests */ = {
			isa = PBXNativeTarget;
			buildConfigurationList = D46444EE1F853765009ABC3D /* Build configuration list for PBXNativeTarget "CollectorTests" */;
			buildPhases = (
				D46444D31F853765009ABC3D /* Sources */,
				D46444D41F853765009ABC3D /* Frameworks */,
				D46444D51F853765009ABC3D /* Resources */,
			);
			buildRules = (
			);
			dependencies = (
				D46444D91F853765009ABC3D /* PBXTargetDependency */,
			);
			name = CollectorTests;
			productName = CollectorTests;
			productReference = D46444D71F853765009ABC3D /* CollectorTests.xctest */;
			productType = "com.apple.product-type.bundle.unit-test";
		};
		D46444E11F853765009ABC3D /* CollectorUITests */ = {
			isa = PBXNativeTarget;
			buildConfigurationList = D46444F11F853765009ABC3D /* Build configuration list for PBXNativeTarget "CollectorUITests" */;
			buildPhases = (
				D46444DE1F853765009ABC3D /* Sources */,
				D46444DF1F853765009ABC3D /* Frameworks */,
				D46444E01F853765009ABC3D /* Resources */,
			);
			buildRules = (
			);
			dependencies = (
				D46444E41F853765009ABC3D /* PBXTargetDependency */,
			);
			name = CollectorUITests;
			productName = CollectorUITests;
			productReference = D46444E21F853765009ABC3D /* CollectorUITests.xctest */;
			productType = "com.apple.product-type.bundle.ui-testing";
		};
/* End PBXNativeTarget section */

/* Begin PBXProject section */
		D46444B81F853765009ABC3D /* Project object */ = {
			isa = PBXProject;
			attributes = {
				LastSwiftUpdateCheck = 0900;
				LastUpgradeCheck = 0900;
				ORGANIZATIONNAME = "Rob McDonnell";
				TargetAttributes = {
					D46444BF1F853765009ABC3D = {
						CreatedOnToolsVersion = 9.0;
						ProvisioningStyle = Automatic;
					};
					D46444D61F853765009ABC3D = {
						CreatedOnToolsVersion = 9.0;
						ProvisioningStyle = Automatic;
						TestTargetID = D46444BF1F853765009ABC3D;
					};
					D46444E11F853765009ABC3D = {
						CreatedOnToolsVersion = 9.0;
						ProvisioningStyle = Automatic;
						TestTargetID = D46444BF1F853765009ABC3D;
					};
				};
			};
			buildConfigurationList = D46444BB1F853765009ABC3D /* Build configuration list for PBXProject "Collector" */;
			compatibilityVersion = "Xcode 8.0";
			developmentRegion = en;
			hasScannedForEncodings = 0;
			knownRegions = (
				en,
				Base,
			);
			mainGroup = D46444B71F853765009ABC3D;
			productRefGroup = D46444C11F853765009ABC3D /* Products */;
			projectDirPath = "";
			projectRoot = "";
			targets = (
				D46444BF1F853765009ABC3D /* Collector */,
				D46444D61F853765009ABC3D /* CollectorTests */,
				D46444E11F853765009ABC3D /* CollectorUITests */,
			);
		};
/* End PBXProject section */

/* Begin PBXResourcesBuildPhase section */
		D46444BE1F853765009ABC3D /* Resources */ = {
			isa = PBXResourcesBuildPhase;
			buildActionMask = 2147483647;
			files = (
				D46444D11F853765009ABC3D /* LaunchScreen.storyboard in Resources */,
				D46444CE1F853765009ABC3D /* Assets.xcassets in Resources */,
				D46444C91F853765009ABC3D /* Main.storyboard in Resources */,
			);
			runOnlyForDeploymentPostprocessing = 0;
		};
		D46444D51F853765009ABC3D /* Resources */ = {
			isa = PBXResourcesBuildPhase;
			buildActionMask = 2147483647;
			files = (
			);
			runOnlyForDeploymentPostprocessing = 0;
		};
		D46444E01F853765009ABC3D /* Resources */ = {
			isa = PBXResourcesBuildPhase;
			buildActionMask = 2147483647;
			files = (
			);
			runOnlyForDeploymentPostprocessing = 0;
		};
/* End PBXResourcesBuildPhase section */

/* Begin PBXSourcesBuildPhase section */
		D46444BC1F853765009ABC3D /* Sources */ = {
			isa = PBXSourcesBuildPhase;
			buildActionMask = 2147483647;
			files = (
				D46444CC1F853765009ABC3D /* Collector.xcdatamodeld in Sources */,
				D46444C41F853765009ABC3D /* AppDelegate.swift in Sources */,
			);
			runOnlyForDeploymentPostprocessing = 0;
		};
		D46444D31F853765009ABC3D /* Sources */ = {
			isa = PBXSourcesBuildPhase;
			buildActionMask = 2147483647;
			files = (
				D46444DC1F853765009ABC3D /* CollectorTests.swift in Sources */,
			);
			runOnlyForDeploymentPostprocessing = 0;
		};
		D46444DE1F853765009ABC3D /* Sources */ = {
			isa = PBXSourcesBuildPhase;
			buildActionMask = 2147483647;
			files = (
				D46444E71F853765009ABC3D /* CollectorUITests.swift in Sources */,
			);
			runOnlyForDeploymentPostprocessing = 0;
		};
/* End PBXSourcesBuildPhase section */

/* Begin PBXTargetDependency section */
		D46444D91F853765009ABC3D /* PBXTargetDependency */ = {
			isa = PBXTargetDependency;
			target = D46444BF1F853765009ABC3D /* Collector */;
			targetProxy = D46444D81F853765009ABC3D /* PBXContainerItemProxy */;
		};
		D46444E41F853765009ABC3D /* PBXTargetDependency */ = {
			isa = PBXTargetDependency;
			target = D46444BF1F853765009ABC3D /* Collector */;
			targetProxy = D46444E31F853765009ABC3D /* PBXContainerItemProxy */;
		};
/* End PBXTargetDependency section */

/* Begin PBXVariantGroup section */
		D46444C71F853765009ABC3D /* Main.storyboard */ = {
			isa = PBXVariantGroup;
			children = (
				D46444C81F853765009ABC3D /* Base */,
			);
			name = Main.storyboard;
			sourceTree = "<group>";
		};
		D46444CF1F853765009ABC3D /* LaunchScreen.storyboard */ = {
			isa = PBXVariantGroup;
			children = (
				D46444D01F853765009ABC3D /* Base */,
			);
			name = LaunchScreen.storyboard;
			sourceTree = "<group>";
		};
/* End PBXVariantGroup section */

/* Begin XCBuildConfiguration section */
		D46444E91F853765009ABC3D /* Debug */ = {
			isa = XCBuildConfiguration;
			buildSettings = {
				ALWAYS_SEARCH_USER_PATHS = NO;
				CLANG_ANALYZER_NONNULL = YES;
				CLANG_ANALYZER_NUMBER_OBJECT_CONVERSION = YES_AGGRESSIVE;
				CLANG_CXX_LANGUAGE_STANDARD = "gnu++14";
				CLANG_CXX_LIBRARY = "libc++";
				CLANG_ENABLE_MODULES = YES;
				CLANG_ENABLE_OBJC_ARC = YES;
				CLANG_WARN_BLOCK_CAPTURE_AUTORELEASING = YES;
				CLANG_WARN_BOOL_CONVERSION = YES;
				CLANG_WARN_COMMA = YES;
				CLANG_WARN_CONSTANT_CONVERSION = YES;
				CLANG_WARN_DIRECT_OBJC_ISA_USAGE = YES_ERROR;
				CLANG_WARN_DOCUMENTATION_COMMENTS = YES;
				CLANG_WARN_EMPTY_BODY = YES;
				CLANG_WARN_ENUM_CONVERSION = YES;
				CLANG_WARN_INFINITE_RECURSION = YES;
				CLANG_WARN_INT_CONVERSION = YES;
				CLANG_WARN_NON_LITERAL_NULL_CONVERSION = YES;
				CLANG_WARN_OBJC_LITERAL_CONVERSION = YES;
				CLANG_WARN_OBJC_ROOT_CLASS = YES_ERROR;
				CLANG_WARN_RANGE_LOOP_ANALYSIS = YES;
				CLANG_WARN_STRICT_PROTOTYPES = YES;
				CLANG_WARN_SUSPICIOUS_MOVE = YES;
				CLANG_WARN_UNGUARDED_AVAILABILITY = YES_AGGRESSIVE;
				CLANG_WARN_UNREACHABLE_CODE = YES;
				CLANG_WARN__DUPLICATE_METHOD_MATCH = YES;
				CODE_SIGN_IDENTITY = "iPhone Developer";
				COPY_PHASE_STRIP = NO;
				DEBUG_INFORMATION_FORMAT = dwarf;
				ENABLE_STRICT_OBJC_MSGSEND = YES;
				ENABLE_TESTABILITY = YES;
				GCC_C_LANGUAGE_STANDARD = gnu11;
				GCC_DYNAMIC_NO_PIC = NO;
				GCC_NO_COMMON_BLOCKS = YES;
				GCC_OPTIMIZATION_LEVEL = 0;
				GCC_PREPROCESSOR_DEFINITIONS = (
					"DEBUG=1",
					"$(inherited)",
				);
				GCC_WARN_64_TO_32_BIT_CONVERSION = YES;
				GCC_WARN_ABOUT_RETURN_TYPE = YES_ERROR;
				GCC_WARN_UNDECLARED_SELECTOR = YES;
				GCC_WARN_UNINITIALIZED_AUTOS = YES_AGGRESSIVE;
				GCC_WARN_UNUSED_FUNCTION = YES;
				GCC_WARN_UNUSED_VARIABLE = YES;
				IPHONEOS_DEPLOYMENT_TARGET = 11.0;
				MTL_ENABLE_DEBUG_INFO = YES;
				ONLY_ACTIVE_ARCH = YES;
				SDKROOT = iphoneos;
				SWIFT_ACTIVE_COMPILATION_CONDITIONS = DEBUG;
				SWIFT_OPTIMIZATION_LEVEL = "-Onone";
			};
			name = Debug;
		};
		D46444EA1F853765009ABC3D /* Release */ = {
			isa = XCBuildConfiguration;
			buildSettings = {
				ALWAYS_SEARCH_USER_PATHS = NO;
				CLANG_ANALYZER_NONNULL = YES;
				CLANG_ANALYZER_NUMBER_OBJECT_CONVERSION = YES_AGGRESSIVE;
				CLANG_CXX_LANGUAGE_STANDARD = "gnu++14";
				CLANG_CXX_LIBRARY = "libc++";
				CLANG_ENABLE_MODULES = YES;
				CLANG_ENABLE_OBJC_ARC = YES;
				CLANG_WARN_BLOCK_CAPTURE_AUTORELEASING = YES;
				CLANG_WARN_BOOL_CONVERSION = YES;
				CLANG_WARN_COMMA = YES;
				CLANG_WARN_CONSTANT_CONVERSION = YES;
				CLANG_WARN_DIRECT_OBJC_ISA_USAGE = YES_ERROR;
				CLANG_WARN_DOCUMENTATION_COMMENTS = YES;
				CLANG_WARN_EMPTY_BODY = YES;
				CLANG_WARN_ENUM_CONVERSION = YES;
				CLANG_WARN_INFINITE_RECURSION = YES;
				CLANG_WARN_INT_CONVERSION = YES;
				CLANG_WARN_NON_LITERAL_NULL_CONVERSION = YES;
				CLANG_WARN_OBJC_LITERAL_CONVERSION = YES;
				CLANG_WARN_OBJC_ROOT_CLASS = YES_ERROR;
				CLANG_WARN_RANGE_LOOP_ANALYSIS = YES;
				CLANG_WARN_STRICT_PROTOTYPES = YES;
				CLANG_WARN_SUSPICIOUS_MOVE = YES;
				CLANG_WARN_UNGUARDED_AVAILABILITY = YES_AGGRESSIVE;
				CLANG_WARN_UNREACHABLE_CODE = YES;
				CLANG_WARN__DUPLICATE_METHOD_MATCH = YES;
				CODE_SIGN_IDENTITY = "iPhone Developer";
				COPY_PHASE_STRIP = NO;
				DEBUG_INFORMATION_FORMAT = "dwarf-with-dsym";
				ENABLE_NS_ASSERTIONS = NO;
				ENABLE_STRICT_OBJC_MSGSEND = YES;
				GCC_C_LANGUAGE_STANDARD = gnu11;
				GCC_NO_COMMON_BLOCKS = YES;
				GCC_WARN_64_TO_32_BIT_CONVERSION = YES;
				GCC_WARN_ABOUT_RETURN_TYPE = YES_ERROR;
				GCC_WARN_UNDECLARED_SELECTOR = YES;
				GCC_WARN_UNINITIALIZED_AUTOS = YES_AGGRESSIVE;
				GCC_WARN_UNUSED_FUNCTION = YES;
				GCC_WARN_UNUSED_VARIABLE = YES;
				IPHONEOS_DEPLOYMENT_TARGET = 11.0;
				MTL_ENABLE_DEBUG_INFO = NO;
				SDKROOT = iphoneos;
				SWIFT_OPTIMIZATION_LEVEL = "-Owholemodule";
				VALIDATE_PRODUCT = YES;
			};
			name = Release;
		};
		D46444EC1F853765009ABC3D /* Debug */ = {
			isa = XCBuildConfiguration;
			buildSettings = {
				ASSETCATALOG_COMPILER_APPICON_NAME = AppIcon;
				CODE_SIGN_STYLE = Automatic;
				INFOPLIST_FILE = Collector/Info.plist;
				LD_RUNPATH_SEARCH_PATHS = "$(inherited) @executable_path/Frameworks";
				PRODUCT_BUNDLE_IDENTIFIER = com.fini.Collector;
				PRODUCT_NAME = "$(TARGET_NAME)";
				SWIFT_VERSION = 4.0;
				TARGETED_DEVICE_FAMILY = "1,2";
			};
			name = Debug;
		};
		D46444ED1F853765009ABC3D /* Release */ = {
			isa = XCBuildConfiguration;
			buildSettings = {
				ASSETCATALOG_COMPILER_APPICON_NAME = AppIcon;
				CODE_SIGN_STYLE = Automatic;
				INFOPLIST_FILE = Collector/Info.plist;
				LD_RUNPATH_SEARCH_PATHS = "$(inherited) @executable_path/Frameworks";
				PRODUCT_BUNDLE_IDENTIFIER = com.fini.Collector;
				PRODUCT_NAME = "$(TARGET_NAME)";
				SWIFT_VERSION = 4.0;
				TARGETED_DEVICE_FAMILY = "1,2";
			};
			name = Release;
		};
		D46444EF1F853765009ABC3D /* Debug */ = {
			isa = XCBuildConfiguration;
			buildSettings = {
				ALWAYS_EMBED_SWIFT_STANDARD_LIBRARIES = YES;
				BUNDLE_LOADER = "$(TEST_HOST)";
				CODE_SIGN_STYLE = Automatic;
				INFOPLIST_FILE = CollectorTests/Info.plist;
				LD_RUNPATH_SEARCH_PATHS = "$(inherited) @executable_path/Frameworks @loader_path/Frameworks";
				PRODUCT_BUNDLE_IDENTIFIER = com.fini.CollectorTests;
				PRODUCT_NAME = "$(TARGET_NAME)";
				SWIFT_VERSION = 4.0;
				TARGETED_DEVICE_FAMILY = "1,2";
				TEST_HOST = "$(BUILT_PRODUCTS_DIR)/Collector.app/Collector";
			};
			name = Debug;
		};
		D46444F01F853765009ABC3D /* Release */ = {
			isa = XCBuildConfiguration;
			buildSettings = {
				ALWAYS_EMBED_SWIFT_STANDARD_LIBRARIES = YES;
				BUNDLE_LOADER = "$(TEST_HOST)";
				CODE_SIGN_STYLE = Automatic;
				INFOPLIST_FILE = CollectorTests/Info.plist;
				LD_RUNPATH_SEARCH_PATHS = "$(inherited) @executable_path/Frameworks @loader_path/Frameworks";
				PRODUCT_BUNDLE_IDENTIFIER = com.fini.CollectorTests;
				PRODUCT_NAME = "$(TARGET_NAME)";
				SWIFT_VERSION = 4.0;
				TARGETED_DEVICE_FAMILY = "1,2";
				TEST_HOST = "$(BUILT_PRODUCTS_DIR)/Collector.app/Collector";
			};
			name = Release;
		};
		D46444F21F853765009ABC3D /* Debug */ = {
			isa = XCBuildConfiguration;
			buildSettings = {
				ALWAYS_EMBED_SWIFT_STANDARD_LIBRARIES = YES;
				CODE_SIGN_STYLE = Automatic;
				INFOPLIST_FILE = CollectorUITests/Info.plist;
				LD_RUNPATH_SEARCH_PATHS = "$(inherited) @executable_path/Frameworks @loader_path/Frameworks";
				PRODUCT_BUNDLE_IDENTIFIER = com.fini.CollectorUITests;
				PRODUCT_NAME = "$(TARGET_NAME)";
				SWIFT_VERSION = 4.0;
				TARGETED_DEVICE_FAMILY = "1,2";
				TEST_TARGET_NAME = Collector;
			};
			name = Debug;
		};
		D46444F31F853765009ABC3D /* Release */ = {
			isa = XCBuildConfiguration;
			buildSettings = {
				ALWAYS_EMBED_SWIFT_STANDARD_LIBRARIES = YES;
				CODE_SIGN_STYLE = Automatic;
				INFOPLIST_FILE = CollectorUITests/Info.plist;
				LD_RUNPATH_SEARCH_PATHS = "$(inherited) @executable_path/Frameworks @loader_path/Frameworks";
				PRODUCT_BUNDLE_IDENTIFIER = com.fini.CollectorUITests;
				PRODUCT_NAME = "$(TARGET_NAME)";
				SWIFT_VERSION = 4.0;
				TARGETED_DEVICE_FAMILY = "1,2";
				TEST_TARGET_NAME = Collector;
			};
			name = Release;
		};
/* End XCBuildConfiguration section */

/* Begin XCConfigurationList section */
		D46444BB1F853765009ABC3D /* Build configuration list for PBXProject "Collector" */ = {
			isa = XCConfigurationList;
			buildConfigurations = (
				D46444E91F853765009ABC3D /* Debug */,
				D46444EA1F853765009ABC3D /* Release */,
			);
			defaultConfigurationIsVisible = 0;
			defaultConfigurationName = Release;
		};
		D46444EB1F853765009ABC3D /* Build configuration list for PBXNativeTarget "Collector" */ = {
			isa = XCConfigurationList;
			buildConfigurations = (
				D46444EC1F853765009ABC3D /* Debug */,
				D46444ED1F853765009ABC3D /* Release */,
			);
			defaultConfigurationIsVisible = 0;
			defaultConfigurationName = Release;
		};
		D46444EE1F853765009ABC3D /* Build configuration list for PBXNativeTarget "CollectorTests" */ = {
			isa = XCConfigurationList;
			buildConfigurations = (
				D46444EF1F853765009ABC3D /* Debug */,
				D46444F01F853765009ABC3D /* Release */,
			);
			defaultConfigurationIsVisible = 0;
			defaultConfigurationName = Release;
		};
		D46444F11F853765009ABC3D /* Build configuration list for PBXNativeTarget "CollectorUITests" */ = {
			isa = XCConfigurationList;
			buildConfigurations = (
				D46444F21F853765009ABC3D /* Debug */,
				D46444F31F853765009ABC3D /* Release */,
			);
			defaultConfigurationIsVisible = 0;
			defaultConfigurationName = Release;
		};
/* End XCConfigurationList section */

/* Begin XCVersionGroup section */
		D46444CA1F853765009ABC3D /* Collector.xcdatamodeld */ = {
			isa = XCVersionGroup;
			children = (
				D46444CB1F853765009ABC3D /* Collector.xcdatamodel */,
			);
			currentVersion = D46444CB1F853765009ABC3D /* Collector.xcdatamodel */;
			path = Collector.xcdatamodeld;
			sourceTree = "<group>";
			versionGroupType = wrapper.xcdatamodel;
		};
/* End XCVersionGroup section */
	};
	rootObject = D46444B81F853765009ABC3D /* Project object */;
}
